// !$*UTF8*$!
{
	archiveVersion = 1;
	classes = {
	};
	objectVersion = 77;
	objects = {

/* Begin PBXBuildFile section */
		031CD0495C873598AF6F38C4 /* NavigationPolicy.swift in Sources */ = {isa = PBXBuildFile; fileRef = C223CB51AB8532708D4195C6 /* NavigationPolicy.swift */; };
		03A58F71719329648F6B3590 /* Phase4FeatureTests.swift in Sources */ = {isa = PBXBuildFile; fileRef = D80B0019A1802BBCD08249E2 /* Phase4FeatureTests.swift */; };
		062CFFBE06CF8D1B9D60EAAD /* StartPageView.swift in Sources */ = {isa = PBXBuildFile; fileRef = 137A3D8074BF71FCA60476D1 /* StartPageView.swift */; };
		08347FFA0F20DF4B5C438EA3 /* AppEnvironment.swift in Sources */ = {isa = PBXBuildFile; fileRef = C3BEFD3827F6D61B94816542 /* AppEnvironment.swift */; };
		09F8040CD43137215655C1F9 /* SettingsView.swift in Sources */ = {isa = PBXBuildFile; fileRef = 2217E60267513166ABDC37AF /* SettingsView.swift */; };
		0B37DDC67D87E467B4FBF91E /* OrielLayout.swift in Sources */ = {isa = PBXBuildFile; fileRef = 964B007F398281F78B5719E7 /* OrielLayout.swift */; };
		15CB54AA9856322493F3599A /* TranslatePageView.swift in Sources */ = {isa = PBXBuildFile; fileRef = ECEFAAFB04395F85200EE906 /* TranslatePageView.swift */; };
		1925A2386083E6C357B7C082 /* PasswordAutofillService.swift in Sources */ = {isa = PBXBuildFile; fileRef = 7C44B3ABD7BD041D7C982BBB /* PasswordAutofillService.swift */; };
		1ADCF553BB2449889BF1E2A5 /* BrowserShellView.swift in Sources */ = {isa = PBXBuildFile; fileRef = C9596246F720EF499196A3B2 /* BrowserShellView.swift */; };
		1D1FE1CB23854CA116937A27 /* URLParser.swift in Sources */ = {isa = PBXBuildFile; fileRef = 9AE1527CE617BF10774B6D67 /* URLParser.swift */; };
		1D254871364C1678CB16A207 /* AuthPopupView.swift in Sources */ = {isa = PBXBuildFile; fileRef = BEDB4889A8C4E62AD9FED133 /* AuthPopupView.swift */; };
		1E4F31887B084D66AEB14EFE /* SearchSuggestionProvider.swift in Sources */ = {isa = PBXBuildFile; fileRef = B20E8BFC7B1FAF07ABA70E22 /* SearchSuggestionProvider.swift */; };
		20571F0248D4430C2583C774 /* TrackingAndLinkQueueTests.swift in Sources */ = {isa = PBXBuildFile; fileRef = D7C64B1A8019DA0F5EA9EE5D /* TrackingAndLinkQueueTests.swift */; };
		24661EE7DF1F76D44B03023D /* BrowserConstants.swift in Sources */ = {isa = PBXBuildFile; fileRef = F77C0F612CCA391C44840B85 /* BrowserConstants.swift */; };
		26759CC73B147E486F86A151 /* DownloadsView.swift in Sources */ = {isa = PBXBuildFile; fileRef = E22D99CFADC7A4D062B595BC /* DownloadsView.swift */; };
		2BF1D951C177553684C2D402 /* oriel-ads-1.json in Resources */ = {isa = PBXBuildFile; fileRef = D5C228FA37F9581D9D78386C /* oriel-ads-1.json */; };
		2C8EE9DBDF524FF12870288C /* oriel-youtube-ads.json in Resources */ = {isa = PBXBuildFile; fileRef = B06D1B6676704EE54E899EA0 /* oriel-youtube-ads.json */; };
		2C979EAC1971EEC277DA434A /* AuthHostAllowlist.swift in Sources */ = {isa = PBXBuildFile; fileRef = 1A5E7802EEE2452CAFA9B91E /* AuthHostAllowlist.swift */; };
		2F18BCF424E376CFAF72E780 /* FireButtonService.swift in Sources */ = {isa = PBXBuildFile; fileRef = EF712E1CE661D9AC39D29643 /* FireButtonService.swift */; };
		31CD8FE1951535233E663D49 /* NavigationControlsView.swift in Sources */ = {isa = PBXBuildFile; fileRef = 899DAF18D972B3BA4A1EA5EC /* NavigationControlsView.swift */; };
		31E51D1FB99CE01A6477B29C /* WebViewCoordinator.swift in Sources */ = {isa = PBXBuildFile; fileRef = A0135155E8C8C82FFAD7A65B /* WebViewCoordinator.swift */; };
		349DFBD51AABBBF5967555B1 /* AuthAndJavaScriptTests.swift in Sources */ = {isa = PBXBuildFile; fileRef = 011CB4F0CA40D216F227077B /* AuthAndJavaScriptTests.swift */; };
		3932192408C35FE5FC9FEC9F /* SharedWebViewConfiguration.swift in Sources */ = {isa = PBXBuildFile; fileRef = C2DD7DD24BDE86B71C879ECF /* SharedWebViewConfiguration.swift */; };
		3B45CC4A127F572749DF4649 /* TabGroup.swift in Sources */ = {isa = PBXBuildFile; fileRef = 9E266B36BB2550AC4E626EEB /* TabGroup.swift */; };
		476195A2EF3A386EAAB3750A /* ThirdPartyCookieBlocker.swift in Sources */ = {isa = PBXBuildFile; fileRef = 01381C90C042AFCE3C1AC613 /* ThirdPartyCookieBlocker.swift */; };
		4DBA4F9AF3E7A1D14A5BE719 /* TabOverviewView.swift in Sources */ = {isa = PBXBuildFile; fileRef = E57EB5D6608140050A9EF32F /* TabOverviewView.swift */; };
		50162F7C67210582B090D16E /* JSONFileStore.swift in Sources */ = {isa = PBXBuildFile; fileRef = 14528446EC763702DBF33729 /* JSONFileStore.swift */; };
		5190871AD9CBF711DF52E115 /* oriel-site-fixes.json in Resources */ = {isa = PBXBuildFile; fileRef = 391D5296FD71B5C67F7B845F /* oriel-site-fixes.json */; };
		51F92CF8E35B68BD2D6F142E /* HTTPSUpgrade.swift in Sources */ = {isa = PBXBuildFile; fileRef = 91FADAFD7D5FF406A6D6E367 /* HTTPSUpgrade.swift */; };
		5435FDB81F50EB04C50F8A42 /* LinkQueueView.swift in Sources */ = {isa = PBXBuildFile; fileRef = 6BE95EFA41B2F3C82255E31F /* LinkQueueView.swift */; };
		5ABA265CC73AE1C8E0579C80 /* oriel-ads-3.json in Resources */ = {isa = PBXBuildFile; fileRef = 1944001F22998F20E1E78D55 /* oriel-ads-3.json */; };
		5ED519D072255305339E095E /* WebsiteDataCleaner.swift in Sources */ = {isa = PBXBuildFile; fileRef = C97E61F7FDECBF3B3242760C /* WebsiteDataCleaner.swift */; };
		5F67D0BEEC58A8E2E158A7FE /* Phase6SearchSettingsTests.swift in Sources */ = {isa = PBXBuildFile; fileRef = 4B4D781F01B4230D02642A54 /* Phase6SearchSettingsTests.swift */; };
		6224D04B29955F0788EA7752 /* DownloadManager.swift in Sources */ = {isa = PBXBuildFile; fileRef = 5FF4D181DFA1DDA6883D30DC /* DownloadManager.swift */; };
		648B259C94473F2E287A7936 /* ElementHideStore.swift in Sources */ = {isa = PBXBuildFile; fileRef = B30F0796D1D125A4D22EF63A /* ElementHideStore.swift */; };
		64CD74DA1E3F121404C0DA82 /* Phase2StoreTests.swift in Sources */ = {isa = PBXBuildFile; fileRef = 80CF124D5D1BB84658AB30EF /* Phase2StoreTests.swift */; };
		68C0D3A56B2B78146A91293E /* AddressBarView.swift in Sources */ = {isa = PBXBuildFile; fileRef = 161F0A55C73E58B7E28FEF17 /* AddressBarView.swift */; };
		69037969A87CFB02AC73F00F /* BrowserSettings.swift in Sources */ = {isa = PBXBuildFile; fileRef = 7F59F3AD82F32EA43EF0D179 /* BrowserSettings.swift */; };
		694BC4E42FADB73185148D51 /* TrackingParameterStripper.swift in Sources */ = {isa = PBXBuildFile; fileRef = 6C94752846BA7E952CD7DC6E /* TrackingParameterStripper.swift */; };
		69B41FC7A2BD0CF80337C338 /* URLParserTests.swift in Sources */ = {isa = PBXBuildFile; fileRef = 2CAA503AA1BB5B6FE0606DF0 /* URLParserTests.swift */; };
		6BCC9DD388B445302C2D67B6 /* oriel-ads-2.json in Resources */ = {isa = PBXBuildFile; fileRef = 092239664755EDC7A6047129 /* oriel-ads-2.json */; };
		71E5EEB8C16C1393BC744032 /* ZIPFoundation in Frameworks */ = {isa = PBXBuildFile; productRef = EA288EF1A8895EEB4586306B /* ZIPFoundation */; };
		72D9552640F72E6ACFB43826 /* oriel-privacy-4.json in Resources */ = {isa = PBXBuildFile; fileRef = F6B791AA352BE979887D4528 /* oriel-privacy-4.json */; };
		73BA7D3AF4D5029086A017C3 /* BookmarkHTMLExporter.swift in Sources */ = {isa = PBXBuildFile; fileRef = E2553D75FD8C1384E8F39357 /* BookmarkHTMLExporter.swift */; };
		782C2C4F7354EA78F9239794 /* BrowserTab.swift in Sources */ = {isa = PBXBuildFile; fileRef = D1A34690536302270522B7B4 /* BrowserTab.swift */; };
		7C3D1EAF614FCB9DBE1BE8D6 /* AdvancedPageCleanupScript.swift in Sources */ = {isa = PBXBuildFile; fileRef = A92670373EE166F330803553 /* AdvancedPageCleanupScript.swift */; };
		7C93B0B1A9EA03185AA143E4 /* OrielMark.swift in Sources */ = {isa = PBXBuildFile; fileRef = 0C336481A6174DB573E8F7BE /* OrielMark.swift */; };
		7D63DB298B0A9D2C153B99DE /* ChromeWebStoreBridge.swift in Sources */ = {isa = PBXBuildFile; fileRef = 03AAE52BC150A766491FA089 /* ChromeWebStoreBridge.swift */; };
		8023371B8FDBD1978AB09722 /* FaviconImage.swift in Sources */ = {isa = PBXBuildFile; fileRef = 4DD17FFF022753DBC14A2CC2 /* FaviconImage.swift */; };
		8478FAD9E834F047E2DFA09E /* example-blocklist.json in Resources */ = {isa = PBXBuildFile; fileRef = DEE85969692DAE7045805E57 /* example-blocklist.json */; };
		86F277DDB86FD2CAC07B8036 /* BookmarkStore.swift in Sources */ = {isa = PBXBuildFile; fileRef = 5C3EA3422E88A2E42E32F212 /* BookmarkStore.swift */; };
		8CF19FF9F2E956D29CFF2978 /* BookmarkHTMLImporter.swift in Sources */ = {isa = PBXBuildFile; fileRef = 67C6528D7C0651576B6819D4 /* BookmarkHTMLImporter.swift */; };
		8E8A6FDFAD6F1304987AAEC0 /* Assets.xcassets in Resources */ = {isa = PBXBuildFile; fileRef = 7AA6FA08B917C0F4A81D7E1C /* Assets.xcassets */; };
		94815792778A372D451887CF /* WebsitePermissionManager.swift in Sources */ = {isa = PBXBuildFile; fileRef = 9E1060ADCB8E8D21A1D5CBC2 /* WebsitePermissionManager.swift */; };
		95A9EC4E34689A7B91D39AB7 /* ContentBlockerManager.swift in Sources */ = {isa = PBXBuildFile; fileRef = 39A58A41442546BAFBEF499F /* ContentBlockerManager.swift */; };
		96B6BC4B7E61B59656BCFED2 /* BookmarksView.swift in Sources */ = {isa = PBXBuildFile; fileRef = 92DEC41377429AF5865F7209 /* BookmarksView.swift */; };
		9BF3B06A0A3DC3F2F0355EFB /* TabManager.swift in Sources */ = {isa = PBXBuildFile; fileRef = ECD387DE816D2B801EC559E8 /* TabManager.swift */; };
		9F6E435D9ADADCF97FEFB548 /* YouTubeAdBlockScript.swift in Sources */ = {isa = PBXBuildFile; fileRef = FAB28852533E6B41B8EC12A3 /* YouTubeAdBlockScript.swift */; };
		A3FBE32515BD5A100090B7D0 /* PageTranslator.swift in Sources */ = {isa = PBXBuildFile; fileRef = 99E8BB3AC2188B2EE45BDF32 /* PageTranslator.swift */; };
		A4D801AC5FF763AADA0F91D4 /* iCloudSyncService.swift in Sources */ = {isa = PBXBuildFile; fileRef = 81A28F5ED304EC4EC5C0E73E /* iCloudSyncService.swift */; };
		A53B10583588B79D0D2C81C5 /* ExtensionsView.swift in Sources */ = {isa = PBXBuildFile; fileRef = 67E7572E8423A86AB009847E /* ExtensionsView.swift */; };
		AC30E92C2EF5916B7B7FD08B /* PrivacyStats.swift in Sources */ = {isa = PBXBuildFile; fileRef = D27573BAEF1DEFB9720D8056 /* PrivacyStats.swift */; };
		AD31FEF3286361591C0DE9AB /* Phase2AndBeyondTests.swift in Sources */ = {isa = PBXBuildFile; fileRef = E6034EF2391B5BFCA022A9D2 /* Phase2AndBeyondTests.swift */; };
		AEF2D7FC4B6EBB552C00DE96 /* ProfileStore.swift in Sources */ = {isa = PBXBuildFile; fileRef = EEB844D2E7927A3D1756C8A6 /* ProfileStore.swift */; };
		B3F82F73100905AEFFD03844 /* PrivacySettings.swift in Sources */ = {isa = PBXBuildFile; fileRef = EEAD19F44096849D14681327 /* PrivacySettings.swift */; };
		B6A458C5A9AA3C43ED86CE1A /* FaviconResolver.swift in Sources */ = {isa = PBXBuildFile; fileRef = 569DD3AFE40E29611E281BAB /* FaviconResolver.swift */; };
		B6F31BBEFE3A71309253DE09 /* LinkQueueStore.swift in Sources */ = {isa = PBXBuildFile; fileRef = 4AEFB633876B868B2EB68C3B /* LinkQueueStore.swift */; };
		B7F16BCF50A5CC9DC8DDC973 /* ThemeAndPrivacyStatsTests.swift in Sources */ = {isa = PBXBuildFile; fileRef = 195A21D08CFBBD324635C4BE /* ThemeAndPrivacyStatsTests.swift */; };
		C0BD3793ED8CC1D2AA182A05 /* UserAgentPolicy.swift in Sources */ = {isa = PBXBuildFile; fileRef = 184E467146BEAAB9C3005FC9 /* UserAgentPolicy.swift */; };
		C0D710DE823E78C7F52F7F02 /* OrielTheme.swift in Sources */ = {isa = PBXBuildFile; fileRef = 3836F6EAEB7B99DF994A4A21 /* OrielTheme.swift */; };
		C31FCC616D4F853FC4E739D3 /* PictureInPictureScript.swift in Sources */ = {isa = PBXBuildFile; fileRef = A47F6BE27C35E7A575A86DB2 /* PictureInPictureScript.swift */; };
		C4E8456A0BDC242B2C556C78 /* HistoryView.swift in Sources */ = {isa = PBXBuildFile; fileRef = 83AC3BB6323513845985F125 /* HistoryView.swift */; };
		C7C8D536888C9D8934F32329 /* HistoryEntry.swift in Sources */ = {isa = PBXBuildFile; fileRef = 7ABA8781AB579187B7E33D8C /* HistoryEntry.swift */; };
		C7CE512183F858E2CFED4869 /* FindInPageBar.swift in Sources */ = {isa = PBXBuildFile; fileRef = 3FE54710A619EF58CFCB2E6E /* FindInPageBar.swift */; };
		CA539354A2824DDEFA4B6001 /* SessionStore.swift in Sources */ = {isa = PBXBuildFile; fileRef = 0F64E5EADB8EC24B65AAD5FC /* SessionStore.swift */; };
		CC525986B895AB6FC374C2FE /* oriel-base.json in Resources */ = {isa = PBXBuildFile; fileRef = E383ACD4A541394CCEFF790C /* oriel-base.json */; };
		CDFE84BBED32A20145836CBC /* ProfilesView.swift in Sources */ = {isa = PBXBuildFile; fileRef = 835E9DA3F43215CF038F6A1B /* ProfilesView.swift */; };
		D2F3BB2E16F00732CAA6CEBC /* oriel-annoyances.json in Resources */ = {isa = PBXBuildFile; fileRef = 44254BF36616C1587B3CD259 /* oriel-annoyances.json */; };
		D474FA419C43BB337A404141 /* Phase3PrivacyTests.swift in Sources */ = {isa = PBXBuildFile; fileRef = A45097DEF5699530F969BE06 /* Phase3PrivacyTests.swift */; };
		D7E704953945FC2B3CE55422 /* NavigationState.swift in Sources */ = {isa = PBXBuildFile; fileRef = C1808B252AD7CA5B9316D569 /* NavigationState.swift */; };
		DC20D1A5690DA59B33B6A001 /* PageEnhancementScripts.swift in Sources */ = {isa = PBXBuildFile; fileRef = E93AAEDA2723236E7CE98DF6 /* PageEnhancementScripts.swift */; };
		DDD96AA64FA9AA34C2F3AA0E /* oriel-privacy-2.json in Resources */ = {isa = PBXBuildFile; fileRef = 1FD44E208EC0D437878BD22A /* oriel-privacy-2.json */; };
		E00A44C7D028437506905744 /* Phase1FeatureTests.swift in Sources */ = {isa = PBXBuildFile; fileRef = 9EBB16CAA330574A9803BBD9 /* Phase1FeatureTests.swift */; };
		E189672EE40C8DA4B2750CFA /* HistoryStore.swift in Sources */ = {isa = PBXBuildFile; fileRef = 42A52F5546410287192EEE0A /* HistoryStore.swift */; };
		E3D3EB1F2FE8C46B503557E1 /* PrivacyShieldView.swift in Sources */ = {isa = PBXBuildFile; fileRef = FEB95E162E556859616C2DA9 /* PrivacyShieldView.swift */; };
		E5EB1A0B4E5FDD540720A749 /* ErrorPageView.swift in Sources */ = {isa = PBXBuildFile; fileRef = 02CBC7705D9621792C8BF524 /* ErrorPageView.swift */; };
		EA61CA2644CE7FEE170C6664 /* BrowserWebView.swift in Sources */ = {isa = PBXBuildFile; fileRef = B1809F1262455BCB12BC805A /* BrowserWebView.swift */; };
		EA8342244336627EE154A27D /* SearchEngine.swift in Sources */ = {isa = PBXBuildFile; fileRef = 6F54728DFA5496279551E4EA /* SearchEngine.swift */; };
		EAB762098BAAAED12EC613FF /* FingerprintingProtectionScript.swift in Sources */ = {isa = PBXBuildFile; fileRef = 4EFC6720D42DE67395DF9AF4 /* FingerprintingProtectionScript.swift */; };
		EB20D1337FE6B694D5DE59CA /* ProgressiveWebApp.swift in Sources */ = {isa = PBXBuildFile; fileRef = E6D893E42AAA107F2D6435B8 /* ProgressiveWebApp.swift */; };
		ED8E7A0D6AD7F408093EA3F3 /* oriel-privacy-3.json in Resources */ = {isa = PBXBuildFile; fileRef = 14A36065787C74CB565BDC63 /* oriel-privacy-3.json */; };
		EDB25EBF3DBAC9BFB6796CD1 /* FireButtonView.swift in Sources */ = {isa = PBXBuildFile; fileRef = 2667FA8649141F4D44987B08 /* FireButtonView.swift */; };
		EF2FF8C6FB1DC6C617AEDFAA /* AboutOrielView.swift in Sources */ = {isa = PBXBuildFile; fileRef = B8DE8EFCF1E30C51C131D42F /* AboutOrielView.swift */; };
		F59E1028751BCD303F6F7DC7 /* Phase7BrowserParityTests.swift in Sources */ = {isa = PBXBuildFile; fileRef = 57A55FB10CC23A4D76D1BD50 /* Phase7BrowserParityTests.swift */; };
		F65077EB32B9828050571EBE /* OrielUITests.swift in Sources */ = {isa = PBXBuildFile; fileRef = 58FEB09C6E8430F39C280882 /* OrielUITests.swift */; };
		F7FBA9A6ABD4E4C9B31644B5 /* oriel-privacy-1.json in Resources */ = {isa = PBXBuildFile; fileRef = B9E3F2594B561A0F47C75E88 /* oriel-privacy-1.json */; };
		F81321072E214A6BFD7217E2 /* WebExtensionManager.swift in Sources */ = {isa = PBXBuildFile; fileRef = 4DA7212A964CD575F5A4A3A1 /* WebExtensionManager.swift */; };
		F9EF7AB1336235C8C94A4098 /* ChromeWebStoreAPITests.swift in Sources */ = {isa = PBXBuildFile; fileRef = 8F7E101025B2FC9C929E5D07 /* ChromeWebStoreAPITests.swift */; };
		FC6D97CF2D1D3BA20807E11A /* Bookmark.swift in Sources */ = {isa = PBXBuildFile; fileRef = C6A822F31A4AE4EE6022DEB5 /* Bookmark.swift */; };
		FF5F8E058A1A7C1D9328AC1B /* OrielApp.swift in Sources */ = {isa = PBXBuildFile; fileRef = DAB969C9258A7150A1F20633 /* OrielApp.swift */; };
/* End PBXBuildFile section */

/* Begin PBXContainerItemProxy section */
		20F89A89C3F36ABD8E473BE8 /* PBXContainerItemProxy */ = {
			isa = PBXContainerItemProxy;
			containerPortal = 3D91E3067FD308405E6AE387 /* Project object */;
			proxyType = 1;
			remoteGlobalIDString = 01DDED6C12EB2255654EF05D;
			remoteInfo = Oriel;
		};
		DCA029FDE5E1056950B6F962 /* PBXContainerItemProxy */ = {
			isa = PBXContainerItemProxy;
			containerPortal = 3D91E3067FD308405E6AE387 /* Project object */;
			proxyType = 1;
			remoteGlobalIDString = 01DDED6C12EB2255654EF05D;
			remoteInfo = Oriel;
		};
/* End PBXContainerItemProxy section */

/* Begin PBXFileReference section */
		011CB4F0CA40D216F227077B /* AuthAndJavaScriptTests.swift */ = {isa = PBXFileReference; lastKnownFileType = sourcecode.swift; path = AuthAndJavaScriptTests.swift; sourceTree = "<group>"; };
		01381C90C042AFCE3C1AC613 /* ThirdPartyCookieBlocker.swift */ = {isa = PBXFileReference; lastKnownFileType = sourcecode.swift; path = ThirdPartyCookieBlocker.swift; sourceTree = "<group>"; };
		02CBC7705D9621792C8BF524 /* ErrorPageView.swift */ = {isa = PBXFileReference; lastKnownFileType = sourcecode.swift; path = ErrorPageView.swift; sourceTree = "<group>"; };
		03AAE52BC150A766491FA089 /* ChromeWebStoreBridge.swift */ = {isa = PBXFileReference; lastKnownFileType = sourcecode.swift; path = ChromeWebStoreBridge.swift; sourceTree = "<group>"; };
		092239664755EDC7A6047129 /* oriel-ads-2.json */ = {isa = PBXFileReference; lastKnownFileType = text.json; path = "oriel-ads-2.json"; sourceTree = "<group>"; };
		0C336481A6174DB573E8F7BE /* OrielMark.swift */ = {isa = PBXFileReference; lastKnownFileType = sourcecode.swift; path = OrielMark.swift; sourceTree = "<group>"; };
		0F64E5EADB8EC24B65AAD5FC /* SessionStore.swift */ = {isa = PBXFileReference; lastKnownFileType = sourcecode.swift; path = SessionStore.swift; sourceTree = "<group>"; };
		1274D8E8A0638DAF2DBD4CD3 /* Oriel.app */ = {isa = PBXFileReference; includeInIndex = 0; lastKnownFileType = wrapper.application; path = Oriel.app; sourceTree = BUILT_PRODUCTS_DIR; };
		137A3D8074BF71FCA60476D1 /* StartPageView.swift */ = {isa = PBXFileReference; lastKnownFileType = sourcecode.swift; path = StartPageView.swift; sourceTree = "<group>"; };
		14528446EC763702DBF33729 /* JSONFileStore.swift */ = {isa = PBXFileReference; lastKnownFileType = sourcecode.swift; path = JSONFileStore.swift; sourceTree = "<group>"; };
		14A36065787C74CB565BDC63 /* oriel-privacy-3.json */ = {isa = PBXFileReference; lastKnownFileType = text.json; path = "oriel-privacy-3.json"; sourceTree = "<group>"; };
		161F0A55C73E58B7E28FEF17 /* AddressBarView.swift */ = {isa = PBXFileReference; lastKnownFileType = sourcecode.swift; path = AddressBarView.swift; sourceTree = "<group>"; };
		184A1F63A6D4A135C3297AFE /* OrielUITests.xctest */ = {isa = PBXFileReference; includeInIndex = 0; lastKnownFileType = wrapper.cfbundle; path = OrielUITests.xctest; sourceTree = BUILT_PRODUCTS_DIR; };
		184E467146BEAAB9C3005FC9 /* UserAgentPolicy.swift */ = {isa = PBXFileReference; lastKnownFileType = sourcecode.swift; path = UserAgentPolicy.swift; sourceTree = "<group>"; };
		1944001F22998F20E1E78D55 /* oriel-ads-3.json */ = {isa = PBXFileReference; lastKnownFileType = text.json; path = "oriel-ads-3.json"; sourceTree = "<group>"; };
		195A21D08CFBBD324635C4BE /* ThemeAndPrivacyStatsTests.swift */ = {isa = PBXFileReference; lastKnownFileType = sourcecode.swift; path = ThemeAndPrivacyStatsTests.swift; sourceTree = "<group>"; };
		1A5E7802EEE2452CAFA9B91E /* AuthHostAllowlist.swift */ = {isa = PBXFileReference; lastKnownFileType = sourcecode.swift; path = AuthHostAllowlist.swift; sourceTree = "<group>"; };
		1FD44E208EC0D437878BD22A /* oriel-privacy-2.json */ = {isa = PBXFileReference; lastKnownFileType = text.json; path = "oriel-privacy-2.json"; sourceTree = "<group>"; };
		2217E60267513166ABDC37AF /* SettingsView.swift */ = {isa = PBXFileReference; lastKnownFileType = sourcecode.swift; path = SettingsView.swift; sourceTree = "<group>"; };
		2667FA8649141F4D44987B08 /* FireButtonView.swift */ = {isa = PBXFileReference; lastKnownFileType = sourcecode.swift; path = FireButtonView.swift; sourceTree = "<group>"; };
		2CAA503AA1BB5B6FE0606DF0 /* URLParserTests.swift */ = {isa = PBXFileReference; lastKnownFileType = sourcecode.swift; path = URLParserTests.swift; sourceTree = "<group>"; };
		3836F6EAEB7B99DF994A4A21 /* OrielTheme.swift */ = {isa = PBXFileReference; lastKnownFileType = sourcecode.swift; path = OrielTheme.swift; sourceTree = "<group>"; };
		391D5296FD71B5C67F7B845F /* oriel-site-fixes.json */ = {isa = PBXFileReference; lastKnownFileType = text.json; path = "oriel-site-fixes.json"; sourceTree = "<group>"; };
		39A58A41442546BAFBEF499F /* ContentBlockerManager.swift */ = {isa = PBXFileReference; lastKnownFileType = sourcecode.swift; path = ContentBlockerManager.swift; sourceTree = "<group>"; };
		3FE54710A619EF58CFCB2E6E /* FindInPageBar.swift */ = {isa = PBXFileReference; lastKnownFileType = sourcecode.swift; path = FindInPageBar.swift; sourceTree = "<group>"; };
		42A52F5546410287192EEE0A /* HistoryStore.swift */ = {isa = PBXFileReference; lastKnownFileType = sourcecode.swift; path = HistoryStore.swift; sourceTree = "<group>"; };
		44254BF36616C1587B3CD259 /* oriel-annoyances.json */ = {isa = PBXFileReference; lastKnownFileType = text.json; path = "oriel-annoyances.json"; sourceTree = "<group>"; };
		4AEFB633876B868B2EB68C3B /* LinkQueueStore.swift */ = {isa = PBXFileReference; lastKnownFileType = sourcecode.swift; path = LinkQueueStore.swift; sourceTree = "<group>"; };
		4B4D781F01B4230D02642A54 /* Phase6SearchSettingsTests.swift */ = {isa = PBXFileReference; lastKnownFileType = sourcecode.swift; path = Phase6SearchSettingsTests.swift; sourceTree = "<group>"; };
		4DA7212A964CD575F5A4A3A1 /* WebExtensionManager.swift */ = {isa = PBXFileReference; lastKnownFileType = sourcecode.swift; path = WebExtensionManager.swift; sourceTree = "<group>"; };
		4DD17FFF022753DBC14A2CC2 /* FaviconImage.swift */ = {isa = PBXFileReference; lastKnownFileType = sourcecode.swift; path = FaviconImage.swift; sourceTree = "<group>"; };
		4EFC6720D42DE67395DF9AF4 /* FingerprintingProtectionScript.swift */ = {isa = PBXFileReference; lastKnownFileType = sourcecode.swift; path = FingerprintingProtectionScript.swift; sourceTree = "<group>"; };
		569DD3AFE40E29611E281BAB /* FaviconResolver.swift */ = {isa = PBXFileReference; lastKnownFileType = sourcecode.swift; path = FaviconResolver.swift; sourceTree = "<group>"; };
		57A55FB10CC23A4D76D1BD50 /* Phase7BrowserParityTests.swift */ = {isa = PBXFileReference; lastKnownFileType = sourcecode.swift; path = Phase7BrowserParityTests.swift; sourceTree = "<group>"; };
		58FEB09C6E8430F39C280882 /* OrielUITests.swift */ = {isa = PBXFileReference; lastKnownFileType = sourcecode.swift; path = OrielUITests.swift; sourceTree = "<group>"; };
		5C3EA3422E88A2E42E32F212 /* BookmarkStore.swift */ = {isa = PBXFileReference; lastKnownFileType = sourcecode.swift; path = BookmarkStore.swift; sourceTree = "<group>"; };
		5FF4D181DFA1DDA6883D30DC /* DownloadManager.swift */ = {isa = PBXFileReference; lastKnownFileType = sourcecode.swift; path = DownloadManager.swift; sourceTree = "<group>"; };
		67C6528D7C0651576B6819D4 /* BookmarkHTMLImporter.swift */ = {isa = PBXFileReference; lastKnownFileType = sourcecode.swift; path = BookmarkHTMLImporter.swift; sourceTree = "<group>"; };
		67E7572E8423A86AB009847E /* ExtensionsView.swift */ = {isa = PBXFileReference; lastKnownFileType = sourcecode.swift; path = ExtensionsView.swift; sourceTree = "<group>"; };
		6BE95EFA41B2F3C82255E31F /* LinkQueueView.swift */ = {isa = PBXFileReference; lastKnownFileType = sourcecode.swift; path = LinkQueueView.swift; sourceTree = "<group>"; };
		6C94752846BA7E952CD7DC6E /* TrackingParameterStripper.swift */ = {isa = PBXFileReference; lastKnownFileType = sourcecode.swift; path = TrackingParameterStripper.swift; sourceTree = "<group>"; };
		6F54728DFA5496279551E4EA /* SearchEngine.swift */ = {isa = PBXFileReference; lastKnownFileType = sourcecode.swift; path = SearchEngine.swift; sourceTree = "<group>"; };
		7AA6FA08B917C0F4A81D7E1C /* Assets.xcassets */ = {isa = PBXFileReference; lastKnownFileType = folder.assetcatalog; path = Assets.xcassets; sourceTree = "<group>"; };
		7ABA8781AB579187B7E33D8C /* HistoryEntry.swift */ = {isa = PBXFileReference; lastKnownFileType = sourcecode.swift; path = HistoryEntry.swift; sourceTree = "<group>"; };
		7C44B3ABD7BD041D7C982BBB /* PasswordAutofillService.swift */ = {isa = PBXFileReference; lastKnownFileType = sourcecode.swift; path = PasswordAutofillService.swift; sourceTree = "<group>"; };
		7F59F3AD82F32EA43EF0D179 /* BrowserSettings.swift */ = {isa = PBXFileReference; lastKnownFileType = sourcecode.swift; path = BrowserSettings.swift; sourceTree = "<group>"; };
		80CF124D5D1BB84658AB30EF /* Phase2StoreTests.swift */ = {isa = PBXFileReference; lastKnownFileType = sourcecode.swift; path = Phase2StoreTests.swift; sourceTree = "<group>"; };
		81A28F5ED304EC4EC5C0E73E /* iCloudSyncService.swift */ = {isa = PBXFileReference; lastKnownFileType = sourcecode.swift; path = iCloudSyncService.swift; sourceTree = "<group>"; };
		835E9DA3F43215CF038F6A1B /* ProfilesView.swift */ = {isa = PBXFileReference; lastKnownFileType = sourcecode.swift; path = ProfilesView.swift; sourceTree = "<group>"; };
		83AC3BB6323513845985F125 /* HistoryView.swift */ = {isa = PBXFileReference; lastKnownFileType = sourcecode.swift; path = HistoryView.swift; sourceTree = "<group>"; };
		899DAF18D972B3BA4A1EA5EC /* NavigationControlsView.swift */ = {isa = PBXFileReference; lastKnownFileType = sourcecode.swift; path = NavigationControlsView.swift; sourceTree = "<group>"; };
		8F7E101025B2FC9C929E5D07 /* ChromeWebStoreAPITests.swift */ = {isa = PBXFileReference; lastKnownFileType = sourcecode.swift; path = ChromeWebStoreAPITests.swift; sourceTree = "<group>"; };
		91FADAFD7D5FF406A6D6E367 /* HTTPSUpgrade.swift */ = {isa = PBXFileReference; lastKnownFileType = sourcecode.swift; path = HTTPSUpgrade.swift; sourceTree = "<group>"; };
		92DEC41377429AF5865F7209 /* BookmarksView.swift */ = {isa = PBXFileReference; lastKnownFileType = sourcecode.swift; path = BookmarksView.swift; sourceTree = "<group>"; };
		964B007F398281F78B5719E7 /* OrielLayout.swift */ = {isa = PBXFileReference; lastKnownFileType = sourcecode.swift; path = OrielLayout.swift; sourceTree = "<group>"; };
		99E8BB3AC2188B2EE45BDF32 /* PageTranslator.swift */ = {isa = PBXFileReference; lastKnownFileType = sourcecode.swift; path = PageTranslator.swift; sourceTree = "<group>"; };
		9AE1527CE617BF10774B6D67 /* URLParser.swift */ = {isa = PBXFileReference; lastKnownFileType = sourcecode.swift; path = URLParser.swift; sourceTree = "<group>"; };
		9E1060ADCB8E8D21A1D5CBC2 /* WebsitePermissionManager.swift */ = {isa = PBXFileReference; lastKnownFileType = sourcecode.swift; path = WebsitePermissionManager.swift; sourceTree = "<group>"; };
		9E266B36BB2550AC4E626EEB /* TabGroup.swift */ = {isa = PBXFileReference; lastKnownFileType = sourcecode.swift; path = TabGroup.swift; sourceTree = "<group>"; };
		9EBB16CAA330574A9803BBD9 /* Phase1FeatureTests.swift */ = {isa = PBXFileReference; lastKnownFileType = sourcecode.swift; path = Phase1FeatureTests.swift; sourceTree = "<group>"; };
		A0135155E8C8C82FFAD7A65B /* WebViewCoordinator.swift */ = {isa = PBXFileReference; lastKnownFileType = sourcecode.swift; path = WebViewCoordinator.swift; sourceTree = "<group>"; };
		A45097DEF5699530F969BE06 /* Phase3PrivacyTests.swift */ = {isa = PBXFileReference; lastKnownFileType = sourcecode.swift; path = Phase3PrivacyTests.swift; sourceTree = "<group>"; };
		A47F6BE27C35E7A575A86DB2 /* PictureInPictureScript.swift */ = {isa = PBXFileReference; lastKnownFileType = sourcecode.swift; path = PictureInPictureScript.swift; sourceTree = "<group>"; };
		A92670373EE166F330803553 /* AdvancedPageCleanupScript.swift */ = {isa = PBXFileReference; lastKnownFileType = sourcecode.swift; path = AdvancedPageCleanupScript.swift; sourceTree = "<group>"; };
		B06D1B6676704EE54E899EA0 /* oriel-youtube-ads.json */ = {isa = PBXFileReference; lastKnownFileType = text.json; path = "oriel-youtube-ads.json"; sourceTree = "<group>"; };
		B1809F1262455BCB12BC805A /* BrowserWebView.swift */ = {isa = PBXFileReference; lastKnownFileType = sourcecode.swift; path = BrowserWebView.swift; sourceTree = "<group>"; };
		B20E8BFC7B1FAF07ABA70E22 /* SearchSuggestionProvider.swift */ = {isa = PBXFileReference; lastKnownFileType = sourcecode.swift; path = SearchSuggestionProvider.swift; sourceTree = "<group>"; };
		B30F0796D1D125A4D22EF63A /* ElementHideStore.swift */ = {isa = PBXFileReference; lastKnownFileType = sourcecode.swift; path = ElementHideStore.swift; sourceTree = "<group>"; };
		B809DD2283CD4045BA7442C0 /* OrielTests.xctest */ = {isa = PBXFileReference; includeInIndex = 0; lastKnownFileType = wrapper.cfbundle; path = OrielTests.xctest; sourceTree = BUILT_PRODUCTS_DIR; };
		B8DE8EFCF1E30C51C131D42F /* AboutOrielView.swift */ = {isa = PBXFileReference; lastKnownFileType = sourcecode.swift; path = AboutOrielView.swift; sourceTree = "<group>"; };
		B9E3F2594B561A0F47C75E88 /* oriel-privacy-1.json */ = {isa = PBXFileReference; lastKnownFileType = text.json; path = "oriel-privacy-1.json"; sourceTree = "<group>"; };
		BEDB4889A8C4E62AD9FED133 /* AuthPopupView.swift */ = {isa = PBXFileReference; lastKnownFileType = sourcecode.swift; path = AuthPopupView.swift; sourceTree = "<group>"; };
		C1808B252AD7CA5B9316D569 /* NavigationState.swift */ = {isa = PBXFileReference; lastKnownFileType = sourcecode.swift; path = NavigationState.swift; sourceTree = "<group>"; };
		C223CB51AB8532708D4195C6 /* NavigationPolicy.swift */ = {isa = PBXFileReference; lastKnownFileType = sourcecode.swift; path = NavigationPolicy.swift; sourceTree = "<group>"; };
		C2DD7DD24BDE86B71C879ECF /* SharedWebViewConfiguration.swift */ = {isa = PBXFileReference; lastKnownFileType = sourcecode.swift; path = SharedWebViewConfiguration.swift; sourceTree = "<group>"; };
		C3BEFD3827F6D61B94816542 /* AppEnvironment.swift */ = {isa = PBXFileReference; lastKnownFileType = sourcecode.swift; path = AppEnvironment.swift; sourceTree = "<group>"; };
		C6A822F31A4AE4EE6022DEB5 /* Bookmark.swift */ = {isa = PBXFileReference; lastKnownFileType = sourcecode.swift; path = Bookmark.swift; sourceTree = "<group>"; };
		C9596246F720EF499196A3B2 /* BrowserShellView.swift */ = {isa = PBXFileReference; lastKnownFileType = sourcecode.swift; path = BrowserShellView.swift; sourceTree = "<group>"; };
		C97E61F7FDECBF3B3242760C /* WebsiteDataCleaner.swift */ = {isa = PBXFileReference; lastKnownFileType = sourcecode.swift; path = WebsiteDataCleaner.swift; sourceTree = "<group>"; };
		D1A34690536302270522B7B4 /* BrowserTab.swift */ = {isa = PBXFileReference; lastKnownFileType = sourcecode.swift; path = BrowserTab.swift; sourceTree = "<group>"; };
		D27573BAEF1DEFB9720D8056 /* PrivacyStats.swift */ = {isa = PBXFileReference; lastKnownFileType = sourcecode.swift; path = PrivacyStats.swift; sourceTree = "<group>"; };
		D5C228FA37F9581D9D78386C /* oriel-ads-1.json */ = {isa = PBXFileReference; lastKnownFileType = text.json; path = "oriel-ads-1.json"; sourceTree = "<group>"; };
		D7C64B1A8019DA0F5EA9EE5D /* TrackingAndLinkQueueTests.swift */ = {isa = PBXFileReference; lastKnownFileType = sourcecode.swift; path = TrackingAndLinkQueueTests.swift; sourceTree = "<group>"; };
		D80B0019A1802BBCD08249E2 /* Phase4FeatureTests.swift */ = {isa = PBXFileReference; lastKnownFileType = sourcecode.swift; path = Phase4FeatureTests.swift; sourceTree = "<group>"; };
		DAB969C9258A7150A1F20633 /* OrielApp.swift */ = {isa = PBXFileReference; lastKnownFileType = sourcecode.swift; path = OrielApp.swift; sourceTree = "<group>"; };
		DEE85969692DAE7045805E57 /* example-blocklist.json */ = {isa = PBXFileReference; lastKnownFileType = text.json; path = "example-blocklist.json"; sourceTree = "<group>"; };
		E22D99CFADC7A4D062B595BC /* DownloadsView.swift */ = {isa = PBXFileReference; lastKnownFileType = sourcecode.swift; path = DownloadsView.swift; sourceTree = "<group>"; };
		E2553D75FD8C1384E8F39357 /* BookmarkHTMLExporter.swift */ = {isa = PBXFileReference; lastKnownFileType = sourcecode.swift; path = BookmarkHTMLExporter.swift; sourceTree = "<group>"; };
		E383ACD4A541394CCEFF790C /* oriel-base.json */ = {isa = PBXFileReference; lastKnownFileType = text.json; path = "oriel-base.json"; sourceTree = "<group>"; };
		E57EB5D6608140050A9EF32F /* TabOverviewView.swift */ = {isa = PBXFileReference; lastKnownFileType = sourcecode.swift; path = TabOverviewView.swift; sourceTree = "<group>"; };
		E6034EF2391B5BFCA022A9D2 /* Phase2AndBeyondTests.swift */ = {isa = PBXFileReference; lastKnownFileType = sourcecode.swift; path = Phase2AndBeyondTests.swift; sourceTree = "<group>"; };
		E6D893E42AAA107F2D6435B8 /* ProgressiveWebApp.swift */ = {isa = PBXFileReference; lastKnownFileType = sourcecode.swift; path = ProgressiveWebApp.swift; sourceTree = "<group>"; };
		E93AAEDA2723236E7CE98DF6 /* PageEnhancementScripts.swift */ = {isa = PBXFileReference; lastKnownFileType = sourcecode.swift; path = PageEnhancementScripts.swift; sourceTree = "<group>"; };
		ECD387DE816D2B801EC559E8 /* TabManager.swift */ = {isa = PBXFileReference; lastKnownFileType = sourcecode.swift; path = TabManager.swift; sourceTree = "<group>"; };
		ECEFAAFB04395F85200EE906 /* TranslatePageView.swift */ = {isa = PBXFileReference; lastKnownFileType = sourcecode.swift; path = TranslatePageView.swift; sourceTree = "<group>"; };
		EEAD19F44096849D14681327 /* PrivacySettings.swift */ = {isa = PBXFileReference; lastKnownFileType = sourcecode.swift; path = PrivacySettings.swift; sourceTree = "<group>"; };
		EEB844D2E7927A3D1756C8A6 /* ProfileStore.swift */ = {isa = PBXFileReference; lastKnownFileType = sourcecode.swift; path = ProfileStore.swift; sourceTree = "<group>"; };
		EF712E1CE661D9AC39D29643 /* FireButtonService.swift */ = {isa = PBXFileReference; lastKnownFileType = sourcecode.swift; path = FireButtonService.swift; sourceTree = "<group>"; };
		F6B791AA352BE979887D4528 /* oriel-privacy-4.json */ = {isa = PBXFileReference; lastKnownFileType = text.json; path = "oriel-privacy-4.json"; sourceTree = "<group>"; };
		F77C0F612CCA391C44840B85 /* BrowserConstants.swift */ = {isa = PBXFileReference; lastKnownFileType = sourcecode.swift; path = BrowserConstants.swift; sourceTree = "<group>"; };
		FAB28852533E6B41B8EC12A3 /* YouTubeAdBlockScript.swift */ = {isa = PBXFileReference; lastKnownFileType = sourcecode.swift; path = YouTubeAdBlockScript.swift; sourceTree = "<group>"; };
		FEB95E162E556859616C2DA9 /* PrivacyShieldView.swift */ = {isa = PBXFileReference; lastKnownFileType = sourcecode.swift; path = PrivacyShieldView.swift; sourceTree = "<group>"; };
/* End PBXFileReference section */

/* Begin PBXFrameworksBuildPhase section */
		D0CCF556E20E53A4E839EFEB /* Frameworks */ = {
			isa = PBXFrameworksBuildPhase;
			buildActionMask = 2147483647;
			files = (
				71E5EEB8C16C1393BC744032 /* ZIPFoundation in Frameworks */,
			);
			runOnlyForDeploymentPostprocessing = 0;
		};
/* End PBXFrameworksBuildPhase section */

/* Begin PBXGroup section */
		1E1A291CCF0885F5C5BF1F6D /* Persistence */ = {
			isa = PBXGroup;
			children = (
				14528446EC763702DBF33729 /* JSONFileStore.swift */,
				0F64E5EADB8EC24B65AAD5FC /* SessionStore.swift */,
			);
			path = Persistence;
			sourceTree = "<group>";
		};
		20C66DDE210659818844158C /* Features */ = {
			isa = PBXGroup;
			children = (
				B30F0796D1D125A4D22EF63A /* ElementHideStore.swift */,
				81A28F5ED304EC4EC5C0E73E /* iCloudSyncService.swift */,
				4AEFB633876B868B2EB68C3B /* LinkQueueStore.swift */,
				99E8BB3AC2188B2EE45BDF32 /* PageTranslator.swift */,
				7C44B3ABD7BD041D7C982BBB /* PasswordAutofillService.swift */,
				A47F6BE27C35E7A575A86DB2 /* PictureInPictureScript.swift */,
				EEB844D2E7927A3D1756C8A6 /* ProfileStore.swift */,
				E6D893E42AAA107F2D6435B8 /* ProgressiveWebApp.swift */,
			);
			path = Features;
			sourceTree = "<group>";
		};
		395D595E81BAC94C5CDEB6CA /* History */ = {
			isa = PBXGroup;
			children = (
				7ABA8781AB579187B7E33D8C /* HistoryEntry.swift */,
				42A52F5546410287192EEE0A /* HistoryStore.swift */,
			);
			path = History;
			sourceTree = "<group>";
		};
		453A172B46DF09152B7191EF /* OrielUITests */ = {
			isa = PBXGroup;
			children = (
				58FEB09C6E8430F39C280882 /* OrielUITests.swift */,
			);
			path = OrielUITests;
			sourceTree = "<group>";
		};
		4647E01A9DBE11B445960A5B /* Downloads */ = {
			isa = PBXGroup;
			children = (
				5FF4D181DFA1DDA6883D30DC /* DownloadManager.swift */,
			);
			path = Downloads;
			sourceTree = "<group>";
		};
		5F72E825968263DF2F4CF39D /* ContentBlocker */ = {
			isa = PBXGroup;
			children = (
				DEE85969692DAE7045805E57 /* example-blocklist.json */,
				D5C228FA37F9581D9D78386C /* oriel-ads-1.json */,
				092239664755EDC7A6047129 /* oriel-ads-2.json */,
				1944001F22998F20E1E78D55 /* oriel-ads-3.json */,
				44254BF36616C1587B3CD259 /* oriel-annoyances.json */,
				E383ACD4A541394CCEFF790C /* oriel-base.json */,
				B9E3F2594B561A0F47C75E88 /* oriel-privacy-1.json */,
				1FD44E208EC0D437878BD22A /* oriel-privacy-2.json */,
				14A36065787C74CB565BDC63 /* oriel-privacy-3.json */,
				F6B791AA352BE979887D4528 /* oriel-privacy-4.json */,
				391D5296FD71B5C67F7B845F /* oriel-site-fixes.json */,
				B06D1B6676704EE54E899EA0 /* oriel-youtube-ads.json */,
			);
			path = ContentBlocker;
			sourceTree = "<group>";
		};
		6A91AE6ED2C3208FA9FB9703 /* Resources */ = {
			isa = PBXGroup;
			children = (
				5F72E825968263DF2F4CF39D /* ContentBlocker */,
				7AA6FA08B917C0F4A81D7E1C /* Assets.xcassets */,
			);
			path = Resources;
			sourceTree = "<group>";
		};
		8D0F0FB058587A31583640A2 /* Tests */ = {
			isa = PBXGroup;
			children = (
				92573FB191B89EF740616840 /* OrielTests */,
				453A172B46DF09152B7191EF /* OrielUITests */,
			);
			path = Tests;
			sourceTree = "<group>";
		};
		8D296896DC7C9738C6B2F791 /* Extensions */ = {
			isa = PBXGroup;
			children = (
				03AAE52BC150A766491FA089 /* ChromeWebStoreBridge.swift */,
				4DA7212A964CD575F5A4A3A1 /* WebExtensionManager.swift */,
			);
			path = Extensions;
			sourceTree = "<group>";
		};
		8FD0BA2C584893393FBBC938 /* Products */ = {
			isa = PBXGroup;
			children = (
				1274D8E8A0638DAF2DBD4CD3 /* Oriel.app */,
				B809DD2283CD4045BA7442C0 /* OrielTests.xctest */,
				184A1F63A6D4A135C3297AFE /* OrielUITests.xctest */,
			);
			name = Products;
			sourceTree = "<group>";
		};
		92573FB191B89EF740616840 /* OrielTests */ = {
			isa = PBXGroup;
			children = (
				011CB4F0CA40D216F227077B /* AuthAndJavaScriptTests.swift */,
				8F7E101025B2FC9C929E5D07 /* ChromeWebStoreAPITests.swift */,
				9EBB16CAA330574A9803BBD9 /* Phase1FeatureTests.swift */,
				E6034EF2391B5BFCA022A9D2 /* Phase2AndBeyondTests.swift */,
				80CF124D5D1BB84658AB30EF /* Phase2StoreTests.swift */,
				A45097DEF5699530F969BE06 /* Phase3PrivacyTests.swift */,
				D80B0019A1802BBCD08249E2 /* Phase4FeatureTests.swift */,
				4B4D781F01B4230D02642A54 /* Phase6SearchSettingsTests.swift */,
				57A55FB10CC23A4D76D1BD50 /* Phase7BrowserParityTests.swift */,
				195A21D08CFBBD324635C4BE /* ThemeAndPrivacyStatsTests.swift */,
				D7C64B1A8019DA0F5EA9EE5D /* TrackingAndLinkQueueTests.swift */,
				2CAA503AA1BB5B6FE0606DF0 /* URLParserTests.swift */,
			);
			path = OrielTests;
			sourceTree = "<group>";
		};
		ABB153C6CB5DAED4DE0C2790 /* Settings */ = {
			isa = PBXGroup;
			children = (
				7F59F3AD82F32EA43EF0D179 /* BrowserSettings.swift */,
			);
			path = Settings;
			sourceTree = "<group>";
		};
		B072441E5A7647BC0FC8D6E1 /* Privacy */ = {
			isa = PBXGroup;
			children = (
				1A5E7802EEE2452CAFA9B91E /* AuthHostAllowlist.swift */,
				4EFC6720D42DE67395DF9AF4 /* FingerprintingProtectionScript.swift */,
				EF712E1CE661D9AC39D29643 /* FireButtonService.swift */,
				91FADAFD7D5FF406A6D6E367 /* HTTPSUpgrade.swift */,
				EEAD19F44096849D14681327 /* PrivacySettings.swift */,
				D27573BAEF1DEFB9720D8056 /* PrivacyStats.swift */,
				01381C90C042AFCE3C1AC613 /* ThirdPartyCookieBlocker.swift */,
				6C94752846BA7E952CD7DC6E /* TrackingParameterStripper.swift */,
				C97E61F7FDECBF3B3242760C /* WebsiteDataCleaner.swift */,
				9E1060ADCB8E8D21A1D5CBC2 /* WebsitePermissionManager.swift */,
			);
			path = Privacy;
			sourceTree = "<group>";
		};
		BCD52F5731D511C76314647E /* Tabs */ = {
			isa = PBXGroup;
			children = (
				9E266B36BB2550AC4E626EEB /* TabGroup.swift */,
				ECD387DE816D2B801EC559E8 /* TabManager.swift */,
			);
			path = Tabs;
			sourceTree = "<group>";
		};
		C724DBB7371C6134B4F49958 /* WebView */ = {
			isa = PBXGroup;
			children = (
				B1809F1262455BCB12BC805A /* BrowserWebView.swift */,
				C223CB51AB8532708D4195C6 /* NavigationPolicy.swift */,
				C2DD7DD24BDE86B71C879ECF /* SharedWebViewConfiguration.swift */,
				A0135155E8C8C82FFAD7A65B /* WebViewCoordinator.swift */,
			);
			path = WebView;
			sourceTree = "<group>";
		};
		C850C88265CA9829CF1C301D = {
			isa = PBXGroup;
			children = (
				6A91AE6ED2C3208FA9FB9703 /* Resources */,
				E888F9045ECBE77F9699147D /* Sources */,
				8D0F0FB058587A31583640A2 /* Tests */,
				8FD0BA2C584893393FBBC938 /* Products */,
			);
			sourceTree = "<group>";
		};
		CC4D5E5ADC537CAE9A9D94C0 /* App */ = {
			isa = PBXGroup;
			children = (
				C3BEFD3827F6D61B94816542 /* AppEnvironment.swift */,
				DAB969C9258A7150A1F20633 /* OrielApp.swift */,
			);
			path = App;
			sourceTree = "<group>";
		};
		DAAEFA357E432123327E2569 /* BrowserCore */ = {
			isa = PBXGroup;
			children = (
				F77C0F612CCA391C44840B85 /* BrowserConstants.swift */,
				D1A34690536302270522B7B4 /* BrowserTab.swift */,
				569DD3AFE40E29611E281BAB /* FaviconResolver.swift */,
				C1808B252AD7CA5B9316D569 /* NavigationState.swift */,
				E93AAEDA2723236E7CE98DF6 /* PageEnhancementScripts.swift */,
				6F54728DFA5496279551E4EA /* SearchEngine.swift */,
				B20E8BFC7B1FAF07ABA70E22 /* SearchSuggestionProvider.swift */,
				9AE1527CE617BF10774B6D67 /* URLParser.swift */,
				184E467146BEAAB9C3005FC9 /* UserAgentPolicy.swift */,
			);
			path = BrowserCore;
			sourceTree = "<group>";
		};
		E396DBE6BF4F7E3A206FD3D5 /* ContentBlocking */ = {
			isa = PBXGroup;
			children = (
				A92670373EE166F330803553 /* AdvancedPageCleanupScript.swift */,
				39A58A41442546BAFBEF499F /* ContentBlockerManager.swift */,
				FAB28852533E6B41B8EC12A3 /* YouTubeAdBlockScript.swift */,
			);
			path = ContentBlocking;
			sourceTree = "<group>";
		};
		E563573CBD2854D51EB085CE /* Bookmarks */ = {
			isa = PBXGroup;
			children = (
				C6A822F31A4AE4EE6022DEB5 /* Bookmark.swift */,
				E2553D75FD8C1384E8F39357 /* BookmarkHTMLExporter.swift */,
				67C6528D7C0651576B6819D4 /* BookmarkHTMLImporter.swift */,
				5C3EA3422E88A2E42E32F212 /* BookmarkStore.swift */,
			);
			path = Bookmarks;
			sourceTree = "<group>";
		};
		E888F9045ECBE77F9699147D /* Sources */ = {
			isa = PBXGroup;
			children = (
				CC4D5E5ADC537CAE9A9D94C0 /* App */,
				E563573CBD2854D51EB085CE /* Bookmarks */,
				DAAEFA357E432123327E2569 /* BrowserCore */,
				E396DBE6BF4F7E3A206FD3D5 /* ContentBlocking */,
				4647E01A9DBE11B445960A5B /* Downloads */,
				8D296896DC7C9738C6B2F791 /* Extensions */,
				20C66DDE210659818844158C /* Features */,
				395D595E81BAC94C5CDEB6CA /* History */,
				1E1A291CCF0885F5C5BF1F6D /* Persistence */,
				EDEBC1B20E7B2AF5159A138D /* PlatformUI */,
				B072441E5A7647BC0FC8D6E1 /* Privacy */,
				ABB153C6CB5DAED4DE0C2790 /* Settings */,
				BCD52F5731D511C76314647E /* Tabs */,
				C724DBB7371C6134B4F49958 /* WebView */,
			);
			path = Sources;
			sourceTree = "<group>";
		};
		EDEBC1B20E7B2AF5159A138D /* PlatformUI */ = {
			isa = PBXGroup;
			children = (
				B8DE8EFCF1E30C51C131D42F /* AboutOrielView.swift */,
				161F0A55C73E58B7E28FEF17 /* AddressBarView.swift */,
				BEDB4889A8C4E62AD9FED133 /* AuthPopupView.swift */,
				92DEC41377429AF5865F7209 /* BookmarksView.swift */,
				C9596246F720EF499196A3B2 /* BrowserShellView.swift */,
				E22D99CFADC7A4D062B595BC /* DownloadsView.swift */,
				02CBC7705D9621792C8BF524 /* ErrorPageView.swift */,
				67E7572E8423A86AB009847E /* ExtensionsView.swift */,
				4DD17FFF022753DBC14A2CC2 /* FaviconImage.swift */,
				3FE54710A619EF58CFCB2E6E /* FindInPageBar.swift */,
				2667FA8649141F4D44987B08 /* FireButtonView.swift */,
				83AC3BB6323513845985F125 /* HistoryView.swift */,
				6BE95EFA41B2F3C82255E31F /* LinkQueueView.swift */,
				899DAF18D972B3BA4A1EA5EC /* NavigationControlsView.swift */,
				964B007F398281F78B5719E7 /* OrielLayout.swift */,
				0C336481A6174DB573E8F7BE /* OrielMark.swift */,
				3836F6EAEB7B99DF994A4A21 /* OrielTheme.swift */,
				FEB95E162E556859616C2DA9 /* PrivacyShieldView.swift */,
				835E9DA3F43215CF038F6A1B /* ProfilesView.swift */,
				2217E60267513166ABDC37AF /* SettingsView.swift */,
				137A3D8074BF71FCA60476D1 /* StartPageView.swift */,
				E57EB5D6608140050A9EF32F /* TabOverviewView.swift */,
				ECEFAAFB04395F85200EE906 /* TranslatePageView.swift */,
			);
			path = PlatformUI;
			sourceTree = "<group>";
		};
/* End PBXGroup section */

/* Begin PBXNativeTarget section */
		01DDED6C12EB2255654EF05D /* Oriel */ = {
			isa = PBXNativeTarget;
			buildConfigurationList = 039E83014D97139CD2042875 /* Build configuration list for PBXNativeTarget "Oriel" */;
			buildPhases = (
				7A30D6BF1A21F01951BA6F76 /* Sources */,
				D1E9A40691796E931F948B66 /* Resources */,
				D0CCF556E20E53A4E839EFEB /* Frameworks */,
			);
			buildRules = (
			);
			dependencies = (
			);
			name = Oriel;
			packageProductDependencies = (
				EA288EF1A8895EEB4586306B /* ZIPFoundation */,
			);
			productName = Oriel;
			productReference = 1274D8E8A0638DAF2DBD4CD3 /* Oriel.app */;
			productType = "com.apple.product-type.application";
		};
		61C25CF57981AFB2A4D32FCC /* OrielUITests */ = {
			isa = PBXNativeTarget;
			buildConfigurationList = 875E35E3D3481CCC939B88F7 /* Build configuration list for PBXNativeTarget "OrielUITests" */;
			buildPhases = (
				96881CC3235A753518E8675A /* Sources */,
			);
			buildRules = (
			);
			dependencies = (
				4F20630C7B9EE60D5D9CD941 /* PBXTargetDependency */,
			);
			name = OrielUITests;
			packageProductDependencies = (
			);
			productName = OrielUITests;
			productReference = 184A1F63A6D4A135C3297AFE /* OrielUITests.xctest */;
			productType = "com.apple.product-type.bundle.ui-testing";
		};
		B4230AB4994CB42E10935699 /* OrielTests */ = {
			isa = PBXNativeTarget;
			buildConfigurationList = 8FB072A8657CAC9442084E6F /* Build configuration list for PBXNativeTarget "OrielTests" */;
			buildPhases = (
				D84861F5CF224F74CBC6D636 /* Sources */,
			);
			buildRules = (
			);
			dependencies = (
				93A479A661EEE0750DC6AE76 /* PBXTargetDependency */,
			);
			name = OrielTests;
			packageProductDependencies = (
			);
			productName = OrielTests;
			productReference = B809DD2283CD4045BA7442C0 /* OrielTests.xctest */;
			productType = "com.apple.product-type.bundle.unit-test";
		};
/* End PBXNativeTarget section */

/* Begin PBXProject section */
		3D91E3067FD308405E6AE387 /* Project object */ = {
			isa = PBXProject;
			attributes = {
				BuildIndependentTargetsInParallel = YES;
				LastUpgradeCheck = 1600;
				TargetAttributes = {
					01DDED6C12EB2255654EF05D = {
						DevelopmentTeam = 2PP6UH4PWA;
						ProvisioningStyle = Automatic;
					};
					61C25CF57981AFB2A4D32FCC = {
						DevelopmentTeam = 2PP6UH4PWA;
						ProvisioningStyle = Automatic;
						TestTargetID = 01DDED6C12EB2255654EF05D;
					};
					B4230AB4994CB42E10935699 = {
						DevelopmentTeam = 2PP6UH4PWA;
						ProvisioningStyle = Automatic;
					};
				};
			};
			buildConfigurationList = C1F430963ABBB49F6680A39B /* Build configuration list for PBXProject "Oriel" */;
			developmentRegion = en;
			hasScannedForEncodings = 0;
			knownRegions = (
				Base,
				en,
			);
			mainGroup = C850C88265CA9829CF1C301D;
			minimizedProjectReferenceProxies = 1;
			packageReferences = (
				C6FF96DA6D53E0AB61945AFE /* XCRemoteSwiftPackageReference "ZIPFoundation" */,
			);
			preferredProjectObjectVersion = 77;
			productRefGroup = 8FD0BA2C584893393FBBC938 /* Products */;
			projectDirPath = "";
			projectRoot = "";
			targets = (
				01DDED6C12EB2255654EF05D /* Oriel */,
				B4230AB4994CB42E10935699 /* OrielTests */,
				61C25CF57981AFB2A4D32FCC /* OrielUITests */,
			);
		};
/* End PBXProject section */

/* Begin PBXResourcesBuildPhase section */
		D1E9A40691796E931F948B66 /* Resources */ = {
			isa = PBXResourcesBuildPhase;
			buildActionMask = 2147483647;
			files = (
				8E8A6FDFAD6F1304987AAEC0 /* Assets.xcassets in Resources */,
				8478FAD9E834F047E2DFA09E /* example-blocklist.json in Resources */,
				2BF1D951C177553684C2D402 /* oriel-ads-1.json in Resources */,
				6BCC9DD388B445302C2D67B6 /* oriel-ads-2.json in Resources */,
				5ABA265CC73AE1C8E0579C80 /* oriel-ads-3.json in Resources */,
				D2F3BB2E16F00732CAA6CEBC /* oriel-annoyances.json in Resources */,
				CC525986B895AB6FC374C2FE /* oriel-base.json in Resources */,
				F7FBA9A6ABD4E4C9B31644B5 /* oriel-privacy-1.json in Resources */,
				DDD96AA64FA9AA34C2F3AA0E /* oriel-privacy-2.json in Resources */,
				ED8E7A0D6AD7F408093EA3F3 /* oriel-privacy-3.json in Resources */,
				72D9552640F72E6ACFB43826 /* oriel-privacy-4.json in Resources */,
				5190871AD9CBF711DF52E115 /* oriel-site-fixes.json in Resources */,
				2C8EE9DBDF524FF12870288C /* oriel-youtube-ads.json in Resources */,
			);
			runOnlyForDeploymentPostprocessing = 0;
		};
/* End PBXResourcesBuildPhase section */

/* Begin PBXSourcesBuildPhase section */
		7A30D6BF1A21F01951BA6F76 /* Sources */ = {
			isa = PBXSourcesBuildPhase;
			buildActionMask = 2147483647;
			files = (
				EF2FF8C6FB1DC6C617AEDFAA /* AboutOrielView.swift in Sources */,
				68C0D3A56B2B78146A91293E /* AddressBarView.swift in Sources */,
				7C3D1EAF614FCB9DBE1BE8D6 /* AdvancedPageCleanupScript.swift in Sources */,
				08347FFA0F20DF4B5C438EA3 /* AppEnvironment.swift in Sources */,
				2C979EAC1971EEC277DA434A /* AuthHostAllowlist.swift in Sources */,
				1D254871364C1678CB16A207 /* AuthPopupView.swift in Sources */,
				FC6D97CF2D1D3BA20807E11A /* Bookmark.swift in Sources */,
				73BA7D3AF4D5029086A017C3 /* BookmarkHTMLExporter.swift in Sources */,
				8CF19FF9F2E956D29CFF2978 /* BookmarkHTMLImporter.swift in Sources */,
				86F277DDB86FD2CAC07B8036 /* BookmarkStore.swift in Sources */,
				96B6BC4B7E61B59656BCFED2 /* BookmarksView.swift in Sources */,
				24661EE7DF1F76D44B03023D /* BrowserConstants.swift in Sources */,
				69037969A87CFB02AC73F00F /* BrowserSettings.swift in Sources */,
				1ADCF553BB2449889BF1E2A5 /* BrowserShellView.swift in Sources */,
				782C2C4F7354EA78F9239794 /* BrowserTab.swift in Sources */,
				EA61CA2644CE7FEE170C6664 /* BrowserWebView.swift in Sources */,
				7D63DB298B0A9D2C153B99DE /* ChromeWebStoreBridge.swift in Sources */,
				95A9EC4E34689A7B91D39AB7 /* ContentBlockerManager.swift in Sources */,
				6224D04B29955F0788EA7752 /* DownloadManager.swift in Sources */,
				26759CC73B147E486F86A151 /* DownloadsView.swift in Sources */,
				648B259C94473F2E287A7936 /* ElementHideStore.swift in Sources */,
				E5EB1A0B4E5FDD540720A749 /* ErrorPageView.swift in Sources */,
				A53B10583588B79D0D2C81C5 /* ExtensionsView.swift in Sources */,
				8023371B8FDBD1978AB09722 /* FaviconImage.swift in Sources */,
				B6A458C5A9AA3C43ED86CE1A /* FaviconResolver.swift in Sources */,
				C7CE512183F858E2CFED4869 /* FindInPageBar.swift in Sources */,
				EAB762098BAAAED12EC613FF /* FingerprintingProtectionScript.swift in Sources */,
				2F18BCF424E376CFAF72E780 /* FireButtonService.swift in Sources */,
				EDB25EBF3DBAC9BFB6796CD1 /* FireButtonView.swift in Sources */,
				51F92CF8E35B68BD2D6F142E /* HTTPSUpgrade.swift in Sources */,
				C7C8D536888C9D8934F32329 /* HistoryEntry.swift in Sources */,
				E189672EE40C8DA4B2750CFA /* HistoryStore.swift in Sources */,
				C4E8456A0BDC242B2C556C78 /* HistoryView.swift in Sources */,
				50162F7C67210582B090D16E /* JSONFileStore.swift in Sources */,
				B6F31BBEFE3A71309253DE09 /* LinkQueueStore.swift in Sources */,
				5435FDB81F50EB04C50F8A42 /* LinkQueueView.swift in Sources */,
				31CD8FE1951535233E663D49 /* NavigationControlsView.swift in Sources */,
				031CD0495C873598AF6F38C4 /* NavigationPolicy.swift in Sources */,
				D7E704953945FC2B3CE55422 /* NavigationState.swift in Sources */,
				FF5F8E058A1A7C1D9328AC1B /* OrielApp.swift in Sources */,
				0B37DDC67D87E467B4FBF91E /* OrielLayout.swift in Sources */,
				7C93B0B1A9EA03185AA143E4 /* OrielMark.swift in Sources */,
				C0D710DE823E78C7F52F7F02 /* OrielTheme.swift in Sources */,
				DC20D1A5690DA59B33B6A001 /* PageEnhancementScripts.swift in Sources */,
				A3FBE32515BD5A100090B7D0 /* PageTranslator.swift in Sources */,
				1925A2386083E6C357B7C082 /* PasswordAutofillService.swift in Sources */,
				C31FCC616D4F853FC4E739D3 /* PictureInPictureScript.swift in Sources */,
				B3F82F73100905AEFFD03844 /* PrivacySettings.swift in Sources */,
				E3D3EB1F2FE8C46B503557E1 /* PrivacyShieldView.swift in Sources */,
				AC30E92C2EF5916B7B7FD08B /* PrivacyStats.swift in Sources */,
				AEF2D7FC4B6EBB552C00DE96 /* ProfileStore.swift in Sources */,
				CDFE84BBED32A20145836CBC /* ProfilesView.swift in Sources */,
				EB20D1337FE6B694D5DE59CA /* ProgressiveWebApp.swift in Sources */,
				EA8342244336627EE154A27D /* SearchEngine.swift in Sources */,
				1E4F31887B084D66AEB14EFE /* SearchSuggestionProvider.swift in Sources */,
				CA539354A2824DDEFA4B6001 /* SessionStore.swift in Sources */,
				09F8040CD43137215655C1F9 /* SettingsView.swift in Sources */,
				3932192408C35FE5FC9FEC9F /* SharedWebViewConfiguration.swift in Sources */,
				062CFFBE06CF8D1B9D60EAAD /* StartPageView.swift in Sources */,
				3B45CC4A127F572749DF4649 /* TabGroup.swift in Sources */,
				9BF3B06A0A3DC3F2F0355EFB /* TabManager.swift in Sources */,
				4DBA4F9AF3E7A1D14A5BE719 /* TabOverviewView.swift in Sources */,
				476195A2EF3A386EAAB3750A /* ThirdPartyCookieBlocker.swift in Sources */,
				694BC4E42FADB73185148D51 /* TrackingParameterStripper.swift in Sources */,
				15CB54AA9856322493F3599A /* TranslatePageView.swift in Sources */,
				1D1FE1CB23854CA116937A27 /* URLParser.swift in Sources */,
				C0BD3793ED8CC1D2AA182A05 /* UserAgentPolicy.swift in Sources */,
				F81321072E214A6BFD7217E2 /* WebExtensionManager.swift in Sources */,
				31E51D1FB99CE01A6477B29C /* WebViewCoordinator.swift in Sources */,
				5ED519D072255305339E095E /* WebsiteDataCleaner.swift in Sources */,
				94815792778A372D451887CF /* WebsitePermissionManager.swift in Sources */,
				9F6E435D9ADADCF97FEFB548 /* YouTubeAdBlockScript.swift in Sources */,
				A4D801AC5FF763AADA0F91D4 /* iCloudSyncService.swift in Sources */,
			);
			runOnlyForDeploymentPostprocessing = 0;
		};
		96881CC3235A753518E8675A /* Sources */ = {
			isa = PBXSourcesBuildPhase;
			buildActionMask = 2147483647;
			files = (
				F65077EB32B9828050571EBE /* OrielUITests.swift in Sources */,
			);
			runOnlyForDeploymentPostprocessing = 0;
		};
		D84861F5CF224F74CBC6D636 /* Sources */ = {
			isa = PBXSourcesBuildPhase;
			buildActionMask = 2147483647;
			files = (
				349DFBD51AABBBF5967555B1 /* AuthAndJavaScriptTests.swift in Sources */,
				F9EF7AB1336235C8C94A4098 /* ChromeWebStoreAPITests.swift in Sources */,
				E00A44C7D028437506905744 /* Phase1FeatureTests.swift in Sources */,
				AD31FEF3286361591C0DE9AB /* Phase2AndBeyondTests.swift in Sources */,
				64CD74DA1E3F121404C0DA82 /* Phase2StoreTests.swift in Sources */,
				D474FA419C43BB337A404141 /* Phase3PrivacyTests.swift in Sources */,
				03A58F71719329648F6B3590 /* Phase4FeatureTests.swift in Sources */,
				5F67D0BEEC58A8E2E158A7FE /* Phase6SearchSettingsTests.swift in Sources */,
				F59E1028751BCD303F6F7DC7 /* Phase7BrowserParityTests.swift in Sources */,
				B7F16BCF50A5CC9DC8DDC973 /* ThemeAndPrivacyStatsTests.swift in Sources */,
				20571F0248D4430C2583C774 /* TrackingAndLinkQueueTests.swift in Sources */,
				69B41FC7A2BD0CF80337C338 /* URLParserTests.swift in Sources */,
			);
			runOnlyForDeploymentPostprocessing = 0;
		};
/* End PBXSourcesBuildPhase section */

/* Begin PBXTargetDependency section */
		4F20630C7B9EE60D5D9CD941 /* PBXTargetDependency */ = {
			isa = PBXTargetDependency;
			target = 01DDED6C12EB2255654EF05D /* Oriel */;
			targetProxy = DCA029FDE5E1056950B6F962 /* PBXContainerItemProxy */;
		};
		93A479A661EEE0750DC6AE76 /* PBXTargetDependency */ = {
			isa = PBXTargetDependency;
			target = 01DDED6C12EB2255654EF05D /* Oriel */;
			targetProxy = 20F89A89C3F36ABD8E473BE8 /* PBXContainerItemProxy */;
		};
/* End PBXTargetDependency section */

/* Begin XCBuildConfiguration section */
		505A4D83E90D3A561DB784EE /* Release */ = {
			isa = XCBuildConfiguration;
			buildSettings = {
				ALWAYS_SEARCH_USER_PATHS = NO;
				BASE_SDK = "";
				CLANG_ANALYZER_NONNULL = YES;
				CLANG_ANALYZER_NUMBER_OBJECT_CONVERSION = YES_AGGRESSIVE;
				CLANG_CXX_LANGUAGE_STANDARD = "gnu++14";
				CLANG_CXX_LIBRARY = "libc++";
				CLANG_ENABLE_MODULES = YES;
				CLANG_ENABLE_OBJC_ARC = YES;
				CLANG_ENABLE_OBJC_WEAK = YES;
				CLANG_WARN_BLOCK_CAPTURE_AUTORELEASING = YES;
				CLANG_WARN_BOOL_CONVERSION = YES;
				CLANG_WARN_COMMA = YES;
				CLANG_WARN_CONSTANT_CONVERSION = YES;
				CLANG_WARN_DEPRECATED_OBJC_IMPLEMENTATIONS = YES;
				CLANG_WARN_DIRECT_OBJC_ISA_USAGE = YES_ERROR;
				CLANG_WARN_DOCUMENTATION_COMMENTS = YES;
				CLANG_WARN_EMPTY_BODY = YES;
				CLANG_WARN_ENUM_CONVERSION = YES;
				CLANG_WARN_INFINITE_RECURSION = YES;
				CLANG_WARN_INT_CONVERSION = YES;
				CLANG_WARN_NON_LITERAL_NULL_CONVERSION = YES;
				CLANG_WARN_OBJC_IMPLICIT_RETAIN_SELF = YES;
				CLANG_WARN_OBJC_LITERAL_CONVERSION = YES;
				CLANG_WARN_OBJC_ROOT_CLASS = YES_ERROR;
				CLANG_WARN_QUOTED_INCLUDE_IN_FRAMEWORK_HEADER = YES;
				CLANG_WARN_RANGE_LOOP_ANALYSIS = YES;
				CLANG_WARN_STRICT_PROTOTYPES = YES;
				CLANG_WARN_SUSPICIOUS_MOVE = YES;
				CLANG_WARN_UNGUARDED_AVAILABILITY = YES_AGGRESSIVE;
				CLANG_WARN_UNREACHABLE_CODE = YES;
				CLANG_WARN__DUPLICATE_METHOD_MATCH = YES;
				COPY_PHASE_STRIP = NO;
				CURRENT_PROJECT_VERSION = 10;
				DEBUG_INFORMATION_FORMAT = "dwarf-with-dsym";
				ENABLE_NS_ASSERTIONS = NO;
				ENABLE_STRICT_OBJC_MSGSEND = YES;
				GCC_C_LANGUAGE_STANDARD = gnu11;
				GCC_NO_COMMON_BLOCKS = YES;
				GCC_WARN_64_TO_32_BIT_CONVERSION = YES;
				GCC_WARN_ABOUT_RETURN_TYPE = YES_ERROR;
				GCC_WARN_UNDECLARED_SELECTOR = YES;
				GCC_WARN_UNINITIALIZED_AUTOS = YES_AGGRESSIVE;
				GCC_WARN_UNUSED_FUNCTION = YES;
				GCC_WARN_UNUSED_VARIABLE = YES;
				IPHONEOS_DEPLOYMENT_TARGET = 17.0;
				MACOSX_DEPLOYMENT_TARGET = 14.0;
				MARKETING_VERSION = 1.0.0;
				MTL_ENABLE_DEBUG_INFO = NO;
				MTL_FAST_MATH = YES;
				PRODUCT_NAME = "$(TARGET_NAME)";
				SDKROOT = auto;
				SWIFT_COMPILATION_MODE = wholemodule;
				SWIFT_OPTIMIZATION_LEVEL = "-O";
				SWIFT_VERSION = 5.10;
			};
			name = Release;
		};
		80155CABD31E22819A54ECB8 /* Release */ = {
			isa = XCBuildConfiguration;
			buildSettings = {
				ASSETCATALOG_COMPILER_APPICON_NAME = AppIcon;
				CODE_SIGN_ENTITLEMENTS = Oriel.entitlements;
				CODE_SIGN_IDENTITY = "iPhone Developer";
				CODE_SIGN_STYLE = Automatic;
				CURRENT_PROJECT_VERSION = 10;
				DEVELOPMENT_TEAM = 2PP6UH4PWA;
				ENABLE_PREVIEWS = YES;
				GENERATE_INFOPLIST_FILE = YES;
				INFOPLIST_KEY_CFBundleDisplayName = Oriel;
				INFOPLIST_KEY_ITSAppUsesNonExemptEncryption = NO;
				INFOPLIST_KEY_LSApplicationCategoryType = "public.app-category.productivity";
				INFOPLIST_KEY_NSCameraUsageDescription = "Oriel needs camera access when a website requests it.";
				INFOPLIST_KEY_NSHumanReadableCopyright = "Copyright © inveil.net";
				INFOPLIST_KEY_NSLocationWhenInUseUsageDescription = "Oriel needs location access when a website requests it.";
				INFOPLIST_KEY_NSMicrophoneUsageDescription = "Oriel needs microphone access when a website requests it.";
				INFOPLIST_KEY_UIApplicationSupportsIndirectInputEvents = YES;
				INFOPLIST_KEY_UILaunchScreen_Generation = YES;
				INFOPLIST_KEY_UISupportedInterfaceOrientations = "UIInterfaceOrientationPortrait UIInterfaceOrientationLandscapeLeft UIInterfaceOrientationLandscapeRight";
				INFOPLIST_KEY_UISupportedInterfaceOrientations_iPad = "UIInterfaceOrientationPortrait UIInterfaceOrientationPortraitUpsideDown UIInterfaceOrientationLandscapeLeft UIInterfaceOrientationLandscapeRight";
				LD_RUNPATH_SEARCH_PATHS = (
					"$(inherited)",
					"@executable_path/Frameworks",
				);
				MARKETING_VERSION = 1.0.0;
				PRODUCT_BUNDLE_IDENTIFIER = net.inveil.oriel;
				PRODUCT_NAME = Oriel;
				SDKROOT = auto;
				SUPPORTED_PLATFORMS = "iphoneos iphonesimulator macosx";
				SUPPORTS_MACCATALYST = NO;
				SUPPORTS_MAC_DESIGNED_FOR_IPHONE_IPAD = NO;
				SUPPORTS_XR_DESIGNED_FOR_IPHONE_IPAD = YES;
				SWIFT_STRICT_CONCURRENCY = targeted;
				TARGETED_DEVICE_FAMILY = "1,2";
			};
			name = Release;
		};
		B64FA66C5D90DB22A4DADDDF /* Debug */ = {
			isa = XCBuildConfiguration;
			buildSettings = {
				BUNDLE_LOADER = "$(TEST_HOST)";
				CODE_SIGN_STYLE = Automatic;
				DEVELOPMENT_TEAM = 2PP6UH4PWA;
				GENERATE_INFOPLIST_FILE = YES;
				LD_RUNPATH_SEARCH_PATHS = (
					"$(inherited)",
					"@executable_path/Frameworks",
					"@loader_path/Frameworks",
				);
				PRODUCT_BUNDLE_IDENTIFIER = net.inveil.oriel.tests;
				SDKROOT = auto;
				SUPPORTED_PLATFORMS = "iphoneos iphonesimulator macosx";
				SUPPORTS_MACCATALYST = NO;
				SUPPORTS_MAC_DESIGNED_FOR_IPHONE_IPAD = NO;
				SUPPORTS_XR_DESIGNED_FOR_IPHONE_IPAD = YES;
				TARGETED_DEVICE_FAMILY = "1,2";
				TEST_HOST = "$(BUILT_PRODUCTS_DIR)/Oriel.app/$(BUNDLE_EXECUTABLE_FOLDER_PATH)/Oriel";
			};
			name = Debug;
		};
		C5A32F31C56C4D59D33D1159 /* Release */ = {
			isa = XCBuildConfiguration;
			buildSettings = {
				BUNDLE_LOADER = "$(TEST_HOST)";
				CODE_SIGN_STYLE = Automatic;
				DEVELOPMENT_TEAM = 2PP6UH4PWA;
				GENERATE_INFOPLIST_FILE = YES;
				LD_RUNPATH_SEARCH_PATHS = (
					"$(inherited)",
					"@executable_path/Frameworks",
					"@loader_path/Frameworks",
				);
				PRODUCT_BUNDLE_IDENTIFIER = net.inveil.oriel.tests;
				SDKROOT = auto;
				SUPPORTED_PLATFORMS = "iphoneos iphonesimulator macosx";
				SUPPORTS_MACCATALYST = NO;
				SUPPORTS_MAC_DESIGNED_FOR_IPHONE_IPAD = NO;
				SUPPORTS_XR_DESIGNED_FOR_IPHONE_IPAD = YES;
				TARGETED_DEVICE_FAMILY = "1,2";
				TEST_HOST = "$(BUILT_PRODUCTS_DIR)/Oriel.app/$(BUNDLE_EXECUTABLE_FOLDER_PATH)/Oriel";
			};
			name = Release;
		};
		DD5E7DCA45092C01E5E6B0F8 /* Debug */ = {
			isa = XCBuildConfiguration;
			buildSettings = {
				ASSETCATALOG_COMPILER_APPICON_NAME = AppIcon;
				CODE_SIGN_ENTITLEMENTS = Oriel.entitlements;
				CODE_SIGN_IDENTITY = "iPhone Developer";
				CODE_SIGN_STYLE = Automatic;
				CURRENT_PROJECT_VERSION = 10;
				DEVELOPMENT_TEAM = 2PP6UH4PWA;
				ENABLE_PREVIEWS = YES;
				GENERATE_INFOPLIST_FILE = YES;
				INFOPLIST_KEY_CFBundleDisplayName = Oriel;
				INFOPLIST_KEY_ITSAppUsesNonExemptEncryption = NO;
				INFOPLIST_KEY_LSApplicationCategoryType = "public.app-category.productivity";
				INFOPLIST_KEY_NSCameraUsageDescription = "Oriel needs camera access when a website requests it.";
				INFOPLIST_KEY_NSHumanReadableCopyright = "Copyright © inveil.net";
				INFOPLIST_KEY_NSLocationWhenInUseUsageDescription = "Oriel needs location access when a website requests it.";
				INFOPLIST_KEY_NSMicrophoneUsageDescription = "Oriel needs microphone access when a website requests it.";
				INFOPLIST_KEY_UIApplicationSupportsIndirectInputEvents = YES;
				INFOPLIST_KEY_UILaunchScreen_Generation = YES;
				INFOPLIST_KEY_UISupportedInterfaceOrientations = "UIInterfaceOrientationPortrait UIInterfaceOrientationLandscapeLeft UIInterfaceOrientationLandscapeRight";
				INFOPLIST_KEY_UISupportedInterfaceOrientations_iPad = "UIInterfaceOrientationPortrait UIInterfaceOrientationPortraitUpsideDown UIInterfaceOrientationLandscapeLeft UIInterfaceOrientationLandscapeRight";
				LD_RUNPATH_SEARCH_PATHS = (
					"$(inherited)",
					"@executable_path/Frameworks",
				);
				MARKETING_VERSION = 1.0.0;
				PRODUCT_BUNDLE_IDENTIFIER = net.inveil.oriel;
				PRODUCT_NAME = Oriel;
				SDKROOT = auto;
				SUPPORTED_PLATFORMS = "iphoneos iphonesimulator macosx";
				SUPPORTS_MACCATALYST = NO;
				SUPPORTS_MAC_DESIGNED_FOR_IPHONE_IPAD = NO;
				SUPPORTS_XR_DESIGNED_FOR_IPHONE_IPAD = YES;
				SWIFT_STRICT_CONCURRENCY = targeted;
				TARGETED_DEVICE_FAMILY = "1,2";
			};
			name = Debug;
		};
		E37E47C808F308356D0E9507 /* Debug */ = {
			isa = XCBuildConfiguration;
			buildSettings = {
				ALWAYS_SEARCH_USER_PATHS = NO;
				BASE_SDK = "";
				CLANG_ANALYZER_NONNULL = YES;
				CLANG_ANALYZER_NUMBER_OBJECT_CONVERSION = YES_AGGRESSIVE;
				CLANG_CXX_LANGUAGE_STANDARD = "gnu++14";
				CLANG_CXX_LIBRARY = "libc++";
				CLANG_ENABLE_MODULES = YES;
				CLANG_ENABLE_OBJC_ARC = YES;
				CLANG_ENABLE_OBJC_WEAK = YES;
				CLANG_WARN_BLOCK_CAPTURE_AUTORELEASING = YES;
				CLANG_WARN_BOOL_CONVERSION = YES;
				CLANG_WARN_COMMA = YES;
				CLANG_WARN_CONSTANT_CONVERSION = YES;
				CLANG_WARN_DEPRECATED_OBJC_IMPLEMENTATIONS = YES;
				CLANG_WARN_DIRECT_OBJC_ISA_USAGE = YES_ERROR;
				CLANG_WARN_DOCUMENTATION_COMMENTS = YES;
				CLANG_WARN_EMPTY_BODY = YES;
				CLANG_WARN_ENUM_CONVERSION = YES;
				CLANG_WARN_INFINITE_RECURSION = YES;
				CLANG_WARN_INT_CONVERSION = YES;
				CLANG_WARN_NON_LITERAL_NULL_CONVERSION = YES;
				CLANG_WARN_OBJC_IMPLICIT_RETAIN_SELF = YES;
				CLANG_WARN_OBJC_LITERAL_CONVERSION = YES;
				CLANG_WARN_OBJC_ROOT_CLASS = YES_ERROR;
				CLANG_WARN_QUOTED_INCLUDE_IN_FRAMEWORK_HEADER = YES;
				CLANG_WARN_RANGE_LOOP_ANALYSIS = YES;
				CLANG_WARN_STRICT_PROTOTYPES = YES;
				CLANG_WARN_SUSPICIOUS_MOVE = YES;
				CLANG_WARN_UNGUARDED_AVAILABILITY = YES_AGGRESSIVE;
				CLANG_WARN_UNREACHABLE_CODE = YES;
				CLANG_WARN__DUPLICATE_METHOD_MATCH = YES;
				COPY_PHASE_STRIP = NO;
				CURRENT_PROJECT_VERSION = 10;
				DEBUG_INFORMATION_FORMAT = dwarf;
				ENABLE_STRICT_OBJC_MSGSEND = YES;
				ENABLE_TESTABILITY = YES;
				GCC_C_LANGUAGE_STANDARD = gnu11;
				GCC_DYNAMIC_NO_PIC = NO;
				GCC_NO_COMMON_BLOCKS = YES;
				GCC_OPTIMIZATION_LEVEL = 0;
				GCC_PREPROCESSOR_DEFINITIONS = (
					"$(inherited)",
					"DEBUG=1",
				);
				GCC_WARN_64_TO_32_BIT_CONVERSION = YES;
				GCC_WARN_ABOUT_RETURN_TYPE = YES_ERROR;
				GCC_WARN_UNDECLARED_SELECTOR = YES;
				GCC_WARN_UNINITIALIZED_AUTOS = YES_AGGRESSIVE;
				GCC_WARN_UNUSED_FUNCTION = YES;
				GCC_WARN_UNUSED_VARIABLE = YES;
				IPHONEOS_DEPLOYMENT_TARGET = 17.0;
				MACOSX_DEPLOYMENT_TARGET = 14.0;
				MARKETING_VERSION = 1.0.0;
				MTL_ENABLE_DEBUG_INFO = INCLUDE_SOURCE;
				MTL_FAST_MATH = YES;
				ONLY_ACTIVE_ARCH = YES;
				PRODUCT_NAME = "$(TARGET_NAME)";
				SDKROOT = auto;
				SWIFT_ACTIVE_COMPILATION_CONDITIONS = DEBUG;
				SWIFT_OPTIMIZATION_LEVEL = "-Onone";
				SWIFT_VERSION = 5.10;
			};
			name = Debug;
		};
		F41C30E6C76E2A16469F9034 /* Release */ = {
			isa = XCBuildConfiguration;
			buildSettings = {
				BUNDLE_LOADER = "$(TEST_HOST)";
				CODE_SIGN_STYLE = Automatic;
				DEVELOPMENT_TEAM = 2PP6UH4PWA;
				GENERATE_INFOPLIST_FILE = YES;
				LD_RUNPATH_SEARCH_PATHS = (
					"$(inherited)",
					"@executable_path/Frameworks",
					"@loader_path/Frameworks",
				);
				PRODUCT_BUNDLE_IDENTIFIER = net.inveil.oriel.uitests;
				SDKROOT = auto;
				SUPPORTED_PLATFORMS = "iphoneos iphonesimulator macosx";
				SUPPORTS_MACCATALYST = NO;
				SUPPORTS_MAC_DESIGNED_FOR_IPHONE_IPAD = NO;
				SUPPORTS_XR_DESIGNED_FOR_IPHONE_IPAD = YES;
				TARGETED_DEVICE_FAMILY = "1,2";
				TEST_TARGET_NAME = Oriel;
			};
			name = Release;
		};
		F9A766FCD2728A29865D7D5B /* Debug */ = {
			isa = XCBuildConfiguration;
			buildSettings = {
				BUNDLE_LOADER = "$(TEST_HOST)";
				CODE_SIGN_STYLE = Automatic;
				DEVELOPMENT_TEAM = 2PP6UH4PWA;
				GENERATE_INFOPLIST_FILE = YES;
				LD_RUNPATH_SEARCH_PATHS = (
					"$(inherited)",
					"@executable_path/Frameworks",
					"@loader_path/Frameworks",
				);
				PRODUCT_BUNDLE_IDENTIFIER = net.inveil.oriel.uitests;
				SDKROOT = auto;
				SUPPORTED_PLATFORMS = "iphoneos iphonesimulator macosx";
				SUPPORTS_MACCATALYST = NO;
				SUPPORTS_MAC_DESIGNED_FOR_IPHONE_IPAD = NO;
				SUPPORTS_XR_DESIGNED_FOR_IPHONE_IPAD = YES;
				TARGETED_DEVICE_FAMILY = "1,2";
				TEST_TARGET_NAME = Oriel;
			};
			name = Debug;
		};
/* End XCBuildConfiguration section */

/* Begin XCConfigurationList section */
		039E83014D97139CD2042875 /* Build configuration list for PBXNativeTarget "Oriel" */ = {
			isa = XCConfigurationList;
			buildConfigurations = (
				DD5E7DCA45092C01E5E6B0F8 /* Debug */,
				80155CABD31E22819A54ECB8 /* Release */,
			);
			defaultConfigurationIsVisible = 0;
			defaultConfigurationName = Debug;
		};
		875E35E3D3481CCC939B88F7 /* Build configuration list for PBXNativeTarget "OrielUITests" */ = {
			isa = XCConfigurationList;
			buildConfigurations = (
				F9A766FCD2728A29865D7D5B /* Debug */,
				F41C30E6C76E2A16469F9034 /* Release */,
			);
			defaultConfigurationIsVisible = 0;
			defaultConfigurationName = Debug;
		};
		8FB072A8657CAC9442084E6F /* Build configuration list for PBXNativeTarget "OrielTests" */ = {
			isa = XCConfigurationList;
			buildConfigurations = (
				B64FA66C5D90DB22A4DADDDF /* Debug */,
				C5A32F31C56C4D59D33D1159 /* Release */,
			);
			defaultConfigurationIsVisible = 0;
			defaultConfigurationName = Debug;
		};
		C1F430963ABBB49F6680A39B /* Build configuration list for PBXProject "Oriel" */ = {
			isa = XCConfigurationList;
			buildConfigurations = (
				E37E47C808F308356D0E9507 /* Debug */,
				505A4D83E90D3A561DB784EE /* Release */,
			);
			defaultConfigurationIsVisible = 0;
			defaultConfigurationName = Debug;
		};
/* End XCConfigurationList section */

/* Begin XCRemoteSwiftPackageReference section */
		C6FF96DA6D53E0AB61945AFE /* XCRemoteSwiftPackageReference "ZIPFoundation" */ = {
			isa = XCRemoteSwiftPackageReference;
			repositoryURL = "https://github.com/weichsel/ZIPFoundation";
			requirement = {
				kind = upToNextMajorVersion;
				minimumVersion = 0.9.19;
			};
		};
/* End XCRemoteSwiftPackageReference section */

/* Begin XCSwiftPackageProductDependency section */
		EA288EF1A8895EEB4586306B /* ZIPFoundation */ = {
			isa = XCSwiftPackageProductDependency;
			package = C6FF96DA6D53E0AB61945AFE /* XCRemoteSwiftPackageReference "ZIPFoundation" */;
			productName = ZIPFoundation;
		};
/* End XCSwiftPackageProductDependency section */
	};
	rootObject = 3D91E3067FD308405E6AE387 /* Project object */;
}
